
Microsoft Visual Studio Solution File, Format Version 12.00
# Visual Studio 15
VisualStudioVersion = 15.0.28307.1209
MinimumVisualStudioVersion = 10.0.40219.1
Project("{FAE04EC0-301F-11D3-BF4B-00C04F79EFBC}") = "datagridview01", "datagridview01\datagridview01.csproj", "{B1B1D483-8852-433C-905F-B4E57570EDB9}"
EndProject
Global
	GlobalSection(SolutionConfigurationPlatforms) = preSolution
		Debug|Any CPU = Debug|Any CPU
		Release|Any CPU = Release|Any CPU
	EndGlobalSection
	GlobalSection(ProjectConfigurationPlatforms) = postSolution
		{B1B1D483-8852-433C-905F-B4E57570EDB9}.Debug|Any CPU.ActiveCfg = Debug|Any CPU
		{B1B1D483-8852-433C-905F-B4E57570EDB9}.Debug|Any CPU.Build.0 = Debug|Any CPU
		{B1B1D483-8852-433C-905F-B4E57570EDB9}.Release|Any CPU.ActiveCfg = Release|Any CPU
		{B1B1D483-8852-433C-905F-B4E57570EDB9}.Release|Any CPU.Build.0 = Release|Any CPU
	EndGlobalSection
	GlobalSection(SolutionProperties) = preSolution
		HideSolutionNode = FALSE
	EndGlobalSection
	GlobalSection(ExtensibilityGlobals) = postSolution
		SolutionGuid = {51C79BB0-BF4A-453E-AC6C-16517A8704FF}
	EndGlobalSection
EndGlobal
