
Microsoft Visual Studio Solution File, Format Version 12.00
# Visual Studio 15
VisualStudioVersion = 15.0.28307.1209
MinimumVisualStudioVersion = 10.0.40219.1
Project("{FAE04EC0-301F-11D3-BF4B-00C04F79EFBC}") = "WindowsFormsApp1", "WindowsFormsApp1\WindowsFormsApp1.csproj", "{5632233B-86E2-41D0-94A3-660FBFD659BB}"
EndProject
Project("{FAE04EC0-301F-11D3-BF4B-00C04F79EFBC}") = "WindowsFormsApp2", "WindowsFormsApp2\WindowsFormsApp2.csproj", "{007DD179-9B04-4106-AC20-698784F95221}"
EndProject
Project("{FAE04EC0-301F-11D3-BF4B-00C04F79EFBC}") = "WindowsFormsApp3", "WindowsFormsApp3\WindowsFormsApp3.csproj", "{BFC2ADBA-7CB6-4559-9CF9-C617FAF42C9E}"
EndProject
Global
	GlobalSection(SolutionConfigurationPlatforms) = preSolution
		Debug|Any CPU = Debug|Any CPU
		Release|Any CPU = Release|Any CPU
	EndGlobalSection
	GlobalSection(ProjectConfigurationPlatforms) = postSolution
		{5632233B-86E2-41D0-94A3-660FBFD659BB}.Debug|Any CPU.ActiveCfg = Debug|Any CPU
		{5632233B-86E2-41D0-94A3-660FBFD659BB}.Debug|Any CPU.Build.0 = Debug|Any CPU
		{5632233B-86E2-41D0-94A3-660FBFD659BB}.Release|Any CPU.ActiveCfg = Release|Any CPU
		{5632233B-86E2-41D0-94A3-660FBFD659BB}.Release|Any CPU.Build.0 = Release|Any CPU
		{007DD179-9B04-4106-AC20-698784F95221}.Debug|Any CPU.ActiveCfg = Debug|Any CPU
		{007DD179-9B04-4106-AC20-698784F95221}.Debug|Any CPU.Build.0 = Debug|Any CPU
		{007DD179-9B04-4106-AC20-698784F95221}.Release|Any CPU.ActiveCfg = Release|Any CPU
		{007DD179-9B04-4106-AC20-698784F95221}.Release|Any CPU.Build.0 = Release|Any CPU
		{BFC2ADBA-7CB6-4559-9CF9-C617FAF42C9E}.Debug|Any CPU.ActiveCfg = Debug|Any CPU
		{BFC2ADBA-7CB6-4559-9CF9-C617FAF42C9E}.Debug|Any CPU.Build.0 = Debug|Any CPU
		{BFC2ADBA-7CB6-4559-9CF9-C617FAF42C9E}.Release|Any CPU.ActiveCfg = Release|Any CPU
		{BFC2ADBA-7CB6-4559-9CF9-C617FAF42C9E}.Release|Any CPU.Build.0 = Release|Any CPU
	EndGlobalSection
	GlobalSection(SolutionProperties) = preSolution
		HideSolutionNode = FALSE
	EndGlobalSection
	GlobalSection(ExtensibilityGlobals) = postSolution
		SolutionGuid = {D50BFE97-053C-4FEA-AA64-C16038AD26B9}
	EndGlobalSection
EndGlobal
